
Microsoft Visual Studio Solution File, Format Version 12.00
# Visual Studio 15
VisualStudioVersion = 15.0.27703.2026
MinimumVisualStudioVersion = 10.0.40219.1
Project("{FAE04EC0-301F-11D3-BF4B-00C04F79EFBC}") = "ChangeDetector", "ChangeDetector\ChangeDetector.csproj", "{060B7A22-6CC5-4D5F-810C-D9D0276774B4}"
EndProject
Project("{FAE04EC0-301F-11D3-BF4B-00C04F79EFBC}") = "ChangeDetector.Tests", "ChangeDetector.Tests\ChangeDetector.Tests.csproj", "{ADC9EC4A-E5BD-4963-ADFD-5C1E40BD4739}"
EndProject
Global
	GlobalSection(SolutionConfigurationPlatforms) = preSolution
		Debug|Any CPU = Debug|Any CPU
		Release|Any CPU = Release|Any CPU
	EndGlobalSection
	GlobalSection(ProjectConfigurationPlatforms) = postSolution
		{060B7A22-6CC5-4D5F-810C-D9D0276774B4}.Debug|Any CPU.ActiveCfg = Debug|Any CPU
		{060B7A22-6CC5-4D5F-810C-D9D0276774B4}.Debug|Any CPU.Build.0 = Debug|Any CPU
		{060B7A22-6CC5-4D5F-810C-D9D0276774B4}.Release|Any CPU.ActiveCfg = Release|Any CPU
		{060B7A22-6CC5-4D5F-810C-D9D0276774B4}.Release|Any CPU.Build.0 = Release|Any CPU
		{ADC9EC4A-E5BD-4963-ADFD-5C1E40BD4739}.Debug|Any CPU.ActiveCfg = Debug|Any CPU
		{ADC9EC4A-E5BD-4963-ADFD-5C1E40BD4739}.Debug|Any CPU.Build.0 = Debug|Any CPU
		{ADC9EC4A-E5BD-4963-ADFD-5C1E40BD4739}.Release|Any CPU.ActiveCfg = Release|Any CPU
		{ADC9EC4A-E5BD-4963-ADFD-5C1E40BD4739}.Release|Any CPU.Build.0 = Release|Any CPU
	EndGlobalSection
	GlobalSection(SolutionProperties) = preSolution
		HideSolutionNode = FALSE
	EndGlobalSection
	GlobalSection(ExtensibilityGlobals) = postSolution
		SolutionGuid = {E1E8F469-0A44-4626-A78D-02A37E85B51F}
	EndGlobalSection
EndGlobal
